schema: '2.0'
stages:
  make_dataset:
    cmd: python src/data/make_dataset.py
    deps:
    - path: src/data/make_dataset.py
      hash: md5
      md5: c556a304ad6b6d1bede0137979bd3fab
      size: 2612
    params:
      params.yaml:
        make_dataset.test_size: 0.25
    outs:
    - path: data/raw
      hash: md5
      md5: 3ccd138d92666c705332b1d30ff89249.dir
      size: 900635
      nfiles: 2
  data_preprocessing:
    cmd: python src/data/data_preprocessing.py
    deps:
    - path: data/raw
      hash: md5
      md5: 3ccd138d92666c705332b1d30ff89249.dir
      size: 900635
      nfiles: 2
    - path: src/data/data_preprocessing.py
      hash: md5
      md5: 25a599b7ab814a82eab1af2454523ccd
      size: 6408
    outs:
    - path: data/processed
      hash: md5
      md5: 0f5c59951976eb7e4937d45b6e9f73b1.dir
      size: 638872
      nfiles: 2
  feature_engineering:
    cmd: python src/features/build_features.py
    deps:
    - path: data/processed
      hash: md5
      md5: 0f5c59951976eb7e4937d45b6e9f73b1.dir
      size: 638872
      nfiles: 2
    - path: src/features/build_features.py
      hash: md5
      md5: 2ae7e53f07f7f184f0c4b33e69352576
      size: 4628
    params:
      params.yaml:
        feature_engineering.max_features: 50
    outs:
    - path: data/interim
      hash: md5
      md5: bf5a3026ad96ccd29b86e035cfa9ba76.dir
      size: 1141258
      nfiles: 2
  model_building:
    cmd: python src/models/train_model.py
    deps:
    - path: data/interim
      hash: md5
      md5: bf5a3026ad96ccd29b86e035cfa9ba76.dir
      size: 1141258
      nfiles: 2
    - path: src/models/train_model.py
      hash: md5
      md5: fb6f94b7e33f6686958c023027cbbe12
      size: 3478
    outs:
    - path: models/model.pkl
      hash: md5
      md5: c88fcc080f4995c7705c59a3f9c44d2a
      size: 137735
  model_evaluation:
    cmd: python src/models/predict_model.py
    deps:
    - path: models/model.pkl
      hash: md5
      md5: c88fcc080f4995c7705c59a3f9c44d2a
      size: 137735
    - path: src/models/predict_model.py
      hash: md5
      md5: 01ba63574f592801e89ebcc4140b4191
      size: 4397
    outs:
    - path: metrics.json
      hash: md5
      md5: 08831e89c98064d32a99b8b336923184
      size: 113
