schema: '2.0'
stages:
  make_dataset:
    cmd: python src/data/make_dataset.py
    deps:
    - path: src/data/make_dataset.py
      hash: md5
      md5: e9c48bfac94d04a43d739676d8ca85e7
      size: 2749
    params:
      params.yaml:
        make_dataset.test_size: 0.1
    outs:
    - path: data/raw
      hash: md5
      md5: b3018ae29ef93fada0be1282161a4c87.dir
      size: 900635
      nfiles: 2
  data_preprocessing:
    cmd: python src/data/data_preprocessing.py
    deps:
    - path: data/raw
      hash: md5
      md5: b3018ae29ef93fada0be1282161a4c87.dir
      size: 900635
      nfiles: 2
    - path: src/data/data_preprocessing.py
      hash: md5
      md5: 25a599b7ab814a82eab1af2454523ccd
      size: 6408
    outs:
    - path: data/processed
      hash: md5
      md5: 4437db037c374e99ccee7e9db62e48d9.dir
      size: 638872
      nfiles: 2
  feature_engineering:
    cmd: python src/features/build_features.py
    deps:
    - path: data/processed
      hash: md5
      md5: 4437db037c374e99ccee7e9db62e48d9.dir
      size: 638872
      nfiles: 2
    - path: src/features/build_features.py
      hash: md5
      md5: f38d196c8ae4b052c42ce6fc5d8e2840
      size: 4807
    params:
      params.yaml:
        feature_engineering.max_features: 40
    outs:
    - path: data/interim
      hash: md5
      md5: 1b77c8fa9ec0a4685b240a264e3e0b58.dir
      size: 933758
      nfiles: 2
  model_building:
    cmd: python src/models/train_model.py
    deps:
    - path: data/interim
      hash: md5
      md5: 1b77c8fa9ec0a4685b240a264e3e0b58.dir
      size: 933758
      nfiles: 2
    - path: src/models/train_model.py
      hash: md5
      md5: e6536968882d5b0dc89ca0e24f3d2819
      size: 3463
    outs:
    - path: models/model.pkl
      hash: md5
      md5: 6404626681b259aff6764e97b8ddce0e
      size: 21035594
  model_evaluation:
    cmd: python src/models/predict_model.py
    deps:
    - path: models/model.pkl
      hash: md5
      md5: 6404626681b259aff6764e97b8ddce0e
      size: 21035594
    - path: src/models/predict_model.py
      hash: md5
      md5: 69f0c2e189a43e8721b0b8dbc7620305
      size: 4369
    outs:
    - path: metrics.json
      hash: md5
      md5: 67599ffc4f75a953d0eb4c90d1e0cadc
      size: 113
